
Microsoft Visual Studio Solution File, Format Version 12.00
# Visual Studio Version 16
VisualStudioVersion = 16.0.31205.134
MinimumVisualStudioVersion = 10.0.40219.1
Project("{9A19103F-16F7-4668-BE54-9A1E7A4F7556}") = "PokedexAPI", "PokedexAPI.csproj", "{60ABCB3A-BEBA-41F7-84F7-71C756D2202A}"
EndProject
Project("{FAE04EC0-301F-11D3-BF4B-00C04F79EFBC}") = "PokedexDAL", "..\Logger\PokedexDAL.csproj", "{1C31D9B4-54E3-4E1A-B0E2-705923CB7712}"
EndProject
Project("{FAE04EC0-301F-11D3-BF4B-00C04F79EFBC}") = "PokedexBLL", "..\PokedexBLL\PokedexBLL.csproj", "{AF9CD842-16F2-4A0B-A7F1-AC94CB3219D6}"
EndProject
Project("{FAE04EC0-301F-11D3-BF4B-00C04F79EFBC}") = "PokedexCore", "..\PokedexCore\PokedexCore.csproj", "{009AEE3D-2433-4192-A05C-8ABF5384B7C9}"
EndProject
Global
	GlobalSection(SolutionConfigurationPlatforms) = preSolution
		Debug|Any CPU = Debug|Any CPU
		Release|Any CPU = Release|Any CPU
	EndGlobalSection
	GlobalSection(ProjectConfigurationPlatforms) = postSolution
		{60ABCB3A-BEBA-41F7-84F7-71C756D2202A}.Debug|Any CPU.ActiveCfg = Debug|Any CPU
		{60ABCB3A-BEBA-41F7-84F7-71C756D2202A}.Debug|Any CPU.Build.0 = Debug|Any CPU
		{60ABCB3A-BEBA-41F7-84F7-71C756D2202A}.Release|Any CPU.ActiveCfg = Release|Any CPU
		{60ABCB3A-BEBA-41F7-84F7-71C756D2202A}.Release|Any CPU.Build.0 = Release|Any CPU
		{1C31D9B4-54E3-4E1A-B0E2-705923CB7712}.Debug|Any CPU.ActiveCfg = Debug|Any CPU
		{1C31D9B4-54E3-4E1A-B0E2-705923CB7712}.Debug|Any CPU.Build.0 = Debug|Any CPU
		{1C31D9B4-54E3-4E1A-B0E2-705923CB7712}.Release|Any CPU.ActiveCfg = Release|Any CPU
		{1C31D9B4-54E3-4E1A-B0E2-705923CB7712}.Release|Any CPU.Build.0 = Release|Any CPU
		{AF9CD842-16F2-4A0B-A7F1-AC94CB3219D6}.Debug|Any CPU.ActiveCfg = Debug|Any CPU
		{AF9CD842-16F2-4A0B-A7F1-AC94CB3219D6}.Debug|Any CPU.Build.0 = Debug|Any CPU
		{AF9CD842-16F2-4A0B-A7F1-AC94CB3219D6}.Release|Any CPU.ActiveCfg = Release|Any CPU
		{AF9CD842-16F2-4A0B-A7F1-AC94CB3219D6}.Release|Any CPU.Build.0 = Release|Any CPU
		{009AEE3D-2433-4192-A05C-8ABF5384B7C9}.Debug|Any CPU.ActiveCfg = Debug|Any CPU
		{009AEE3D-2433-4192-A05C-8ABF5384B7C9}.Debug|Any CPU.Build.0 = Debug|Any CPU
		{009AEE3D-2433-4192-A05C-8ABF5384B7C9}.Release|Any CPU.ActiveCfg = Release|Any CPU
		{009AEE3D-2433-4192-A05C-8ABF5384B7C9}.Release|Any CPU.Build.0 = Release|Any CPU
	EndGlobalSection
	GlobalSection(SolutionProperties) = preSolution
		HideSolutionNode = FALSE
	EndGlobalSection
	GlobalSection(ExtensibilityGlobals) = postSolution
		SolutionGuid = {731DE06E-18E8-4B83-9310-14F51CC41C36}
	EndGlobalSection
EndGlobal
